
Microsoft Visual Studio Solution File, Format Version 12.00
# Visual Studio Version 17
VisualStudioVersion = 17.4.33110.190
MinimumVisualStudioVersion = 10.0.40219.1
Project("{FAE04EC0-301F-11D3-BF4B-00C04F79EFBC}") = "FamDrive.Server", "FamDrive\Server\FamDrive.Server.csproj", "{0776580A-1943-4E9D-AEF3-C7D4BD784CE2}"
EndProject
Project("{FAE04EC0-301F-11D3-BF4B-00C04F79EFBC}") = "FamDrive.Client", "FamDrive\Client\FamDrive.Client.csproj", "{DE73A1DA-2BD5-40B9-8471-AF1C44688317}"
EndProject
Project("{FAE04EC0-301F-11D3-BF4B-00C04F79EFBC}") = "FamDrive.Shared", "FamDrive\Shared\FamDrive.Shared.csproj", "{49FC327E-05B6-4E83-90D7-9DF53E9D0E5F}"
EndProject
Global
	GlobalSection(SolutionConfigurationPlatforms) = preSolution
		Debug|Any CPU = Debug|Any CPU
		Release|Any CPU = Release|Any CPU
	EndGlobalSection
	GlobalSection(ProjectConfigurationPlatforms) = postSolution
		{0776580A-1943-4E9D-AEF3-C7D4BD784CE2}.Debug|Any CPU.ActiveCfg = Debug|Any CPU
		{0776580A-1943-4E9D-AEF3-C7D4BD784CE2}.Debug|Any CPU.Build.0 = Debug|Any CPU
		{0776580A-1943-4E9D-AEF3-C7D4BD784CE2}.Release|Any CPU.ActiveCfg = Release|Any CPU
		{0776580A-1943-4E9D-AEF3-C7D4BD784CE2}.Release|Any CPU.Build.0 = Release|Any CPU
		{DE73A1DA-2BD5-40B9-8471-AF1C44688317}.Debug|Any CPU.ActiveCfg = Debug|Any CPU
		{DE73A1DA-2BD5-40B9-8471-AF1C44688317}.Debug|Any CPU.Build.0 = Debug|Any CPU
		{DE73A1DA-2BD5-40B9-8471-AF1C44688317}.Release|Any CPU.ActiveCfg = Release|Any CPU
		{DE73A1DA-2BD5-40B9-8471-AF1C44688317}.Release|Any CPU.Build.0 = Release|Any CPU
		{49FC327E-05B6-4E83-90D7-9DF53E9D0E5F}.Debug|Any CPU.ActiveCfg = Debug|Any CPU
		{49FC327E-05B6-4E83-90D7-9DF53E9D0E5F}.Debug|Any CPU.Build.0 = Debug|Any CPU
		{49FC327E-05B6-4E83-90D7-9DF53E9D0E5F}.Release|Any CPU.ActiveCfg = Release|Any CPU
		{49FC327E-05B6-4E83-90D7-9DF53E9D0E5F}.Release|Any CPU.Build.0 = Release|Any CPU
	EndGlobalSection
	GlobalSection(SolutionProperties) = preSolution
		HideSolutionNode = FALSE
	EndGlobalSection
	GlobalSection(ExtensibilityGlobals) = postSolution
		SolutionGuid = {C129D33B-3466-420A-A366-90B45E9D07CB}
	EndGlobalSection
EndGlobal
